// !$*UTF8*$!
{
	archiveVersion = 1;
	classes = {
	};
	objectVersion = 56;
	objects = {

/* Begin PBXBuildFile section */
		07542DE028DD992E001CBDB4 /* README.md in Resources */ = {isa = PBXBuildFile; fileRef = 07542DDF28DD992E001CBDB4 /* README.md */; };
		07542DE228DDA207001CBDB4 /* DummyClassTests.swift in Sources */ = {isa = PBXBuildFile; fileRef = 07542DE128DDA207001CBDB4 /* DummyClassTests.swift */; };
		0789898328DC9D7C0016F6B4 /* DoccFramework.docc in Sources */ = {isa = PBXBuildFile; fileRef = 0789898228DC9D7C0016F6B4 /* DoccFramework.docc */; };
		0789898928DC9D7D0016F6B4 /* DoccFramework.framework in Frameworks */ = {isa = PBXBuildFile; fileRef = 0789897E28DC9D7C0016F6B4 /* DoccFramework.framework */; };
		0789898E28DC9D7D0016F6B4 /* DoccFrameworkTests.swift in Sources */ = {isa = PBXBuildFile; fileRef = 0789898D28DC9D7D0016F6B4 /* DoccFrameworkTests.swift */; };
		0789898F28DC9D7D0016F6B4 /* DoccFramework.h in Headers */ = {isa = PBXBuildFile; fileRef = 0789898128DC9D7C0016F6B4 /* DoccFramework.h */; settings = {ATTRIBUTES = (Public, ); }; };
		0789899C28DC9E0A0016F6B4 /* DummyClass.swift in Sources */ = {isa = PBXBuildFile; fileRef = 0789899B28DC9E0A0016F6B4 /* DummyClass.swift */; };
		0789899E28DC9F530016F6B4 /* DummyObjcClass.h in Headers */ = {isa = PBXBuildFile; fileRef = 0789899D28DC9F530016F6B4 /* DummyObjcClass.h */; settings = {ATTRIBUTES = (Public, ); }; };
		078989A028DC9F600016F6B4 /* DummyObjcClass.m in Sources */ = {isa = PBXBuildFile; fileRef = 0789899F28DC9F600016F6B4 /* DummyObjcClass.m */; };
/* End PBXBuildFile section */

/* Begin PBXContainerItemProxy section */
		0789898A28DC9D7D0016F6B4 /* PBXContainerItemProxy */ = {
			isa = PBXContainerItemProxy;
			containerPortal = 0789897528DC9D7C0016F6B4 /* Project object */;
			proxyType = 1;
			remoteGlobalIDString = 0789897D28DC9D7C0016F6B4;
			remoteInfo = DoccFramework;
		};
/* End PBXContainerItemProxy section */

/* Begin PBXFileReference section */
		07542DDF28DD992E001CBDB4 /* README.md */ = {isa = PBXFileReference; fileEncoding = 4; lastKnownFileType = net.daringfireball.markdown; path = README.md; sourceTree = "<group>"; };
		07542DE128DDA207001CBDB4 /* DummyClassTests.swift */ = {isa = PBXFileReference; lastKnownFileType = sourcecode.swift; path = DummyClassTests.swift; sourceTree = "<group>"; };
		0789897E28DC9D7C0016F6B4 /* DoccFramework.framework */ = {isa = PBXFileReference; explicitFileType = wrapper.framework; includeInIndex = 0; path = DoccFramework.framework; sourceTree = BUILT_PRODUCTS_DIR; };
		0789898128DC9D7C0016F6B4 /* DoccFramework.h */ = {isa = PBXFileReference; lastKnownFileType = sourcecode.c.h; path = DoccFramework.h; sourceTree = "<group>"; };
		0789898228DC9D7C0016F6B4 /* DoccFramework.docc */ = {isa = PBXFileReference; lastKnownFileType = folder.documentationcatalog; path = DoccFramework.docc; sourceTree = "<group>"; };
		0789898828DC9D7D0016F6B4 /* DoccFrameworkTests.xctest */ = {isa = PBXFileReference; explicitFileType = wrapper.cfbundle; includeInIndex = 0; path = DoccFrameworkTests.xctest; sourceTree = BUILT_PRODUCTS_DIR; };
		0789898D28DC9D7D0016F6B4 /* DoccFrameworkTests.swift */ = {isa = PBXFileReference; lastKnownFileType = sourcecode.swift; path = DoccFrameworkTests.swift; sourceTree = "<group>"; };
		0789899B28DC9E0A0016F6B4 /* DummyClass.swift */ = {isa = PBXFileReference; lastKnownFileType = sourcecode.swift; path = DummyClass.swift; sourceTree = "<group>"; };
		0789899D28DC9F530016F6B4 /* DummyObjcClass.h */ = {isa = PBXFileReference; lastKnownFileType = sourcecode.c.h; path = DummyObjcClass.h; sourceTree = "<group>"; };
		0789899F28DC9F600016F6B4 /* DummyObjcClass.m */ = {isa = PBXFileReference; lastKnownFileType = sourcecode.c.objc; path = DummyObjcClass.m; sourceTree = "<group>"; };
		07B5619828DDA7F600F43C1E /* Package.swift */ = {isa = PBXFileReference; fileEncoding = 4; lastKnownFileType = sourcecode.swift; path = Package.swift; sourceTree = "<group>"; };
/* End PBXFileReference section */

/* Begin PBXFrameworksBuildPhase section */
		0789897B28DC9D7C0016F6B4 /* Frameworks */ = {
			isa = PBXFrameworksBuildPhase;
			buildActionMask = 2147483647;
			files = (
			);
			runOnlyForDeploymentPostprocessing = 0;
		};
		0789898528DC9D7D0016F6B4 /* Frameworks */ = {
			isa = PBXFrameworksBuildPhase;
			buildActionMask = 2147483647;
			files = (
				0789898928DC9D7D0016F6B4 /* DoccFramework.framework in Frameworks */,
			);
			runOnlyForDeploymentPostprocessing = 0;
		};
/* End PBXFrameworksBuildPhase section */

/* Begin PBXGroup section */
		0789897428DC9D7C0016F6B4 = {
			isa = PBXGroup;
			children = (
				07B5619828DDA7F600F43C1E /* Package.swift */,
				07542DDF28DD992E001CBDB4 /* README.md */,
				0789898028DC9D7C0016F6B4 /* DoccFramework */,
				0789898C28DC9D7D0016F6B4 /* DoccFrameworkTests */,
				0789897F28DC9D7C0016F6B4 /* Products */,
			);
			sourceTree = "<group>";
		};
		0789897F28DC9D7C0016F6B4 /* Products */ = {
			isa = PBXGroup;
			children = (
				0789897E28DC9D7C0016F6B4 /* DoccFramework.framework */,
				0789898828DC9D7D0016F6B4 /* DoccFrameworkTests.xctest */,
			);
			name = Products;
			sourceTree = "<group>";
		};
		0789898028DC9D7C0016F6B4 /* DoccFramework */ = {
			isa = PBXGroup;
			children = (
				0789899828DC9DEF0016F6B4 /* Classes */,
				0789898128DC9D7C0016F6B4 /* DoccFramework.h */,
				0789898228DC9D7C0016F6B4 /* DoccFramework.docc */,
			);
			path = DoccFramework;
			sourceTree = "<group>";
		};
		0789898C28DC9D7D0016F6B4 /* DoccFrameworkTests */ = {
			isa = PBXGroup;
			children = (
				0789898D28DC9D7D0016F6B4 /* DoccFrameworkTests.swift */,
				07542DE128DDA207001CBDB4 /* DummyClassTests.swift */,
			);
			path = DoccFrameworkTests;
			sourceTree = "<group>";
		};
		0789899828DC9DEF0016F6B4 /* Classes */ = {
			isa = PBXGroup;
			children = (
				0789899A28DC9DF90016F6B4 /* Objective-C */,
				0789899928DC9DF50016F6B4 /* Swift */,
			);
			path = Classes;
			sourceTree = "<group>";
		};
		0789899928DC9DF50016F6B4 /* Swift */ = {
			isa = PBXGroup;
			children = (
				0789899B28DC9E0A0016F6B4 /* DummyClass.swift */,
			);
			path = Swift;
			sourceTree = "<group>";
		};
		0789899A28DC9DF90016F6B4 /* Objective-C */ = {
			isa = PBXGroup;
			children = (
				0789899D28DC9F530016F6B4 /* DummyObjcClass.h */,
				0789899F28DC9F600016F6B4 /* DummyObjcClass.m */,
			);
			path = "Objective-C";
			sourceTree = "<group>";
		};
/* End PBXGroup section */

/* Begin PBXHeadersBuildPhase section */
		0789897928DC9D7C0016F6B4 /* Headers */ = {
			isa = PBXHeadersBuildPhase;
			buildActionMask = 2147483647;
			files = (
				0789899E28DC9F530016F6B4 /* DummyObjcClass.h in Headers */,
				0789898F28DC9D7D0016F6B4 /* DoccFramework.h in Headers */,
			);
			runOnlyForDeploymentPostprocessing = 0;
		};
/* End PBXHeadersBuildPhase section */

/* Begin PBXNativeTarget section */
		0789897D28DC9D7C0016F6B4 /* DoccFramework */ = {
			isa = PBXNativeTarget;
			buildConfigurationList = 0789899228DC9D7D0016F6B4 /* Build configuration list for PBXNativeTarget "DoccFramework" */;
			buildPhases = (
				0789897928DC9D7C0016F6B4 /* Headers */,
				0789897A28DC9D7C0016F6B4 /* Sources */,
				0789897B28DC9D7C0016F6B4 /* Frameworks */,
				0789897C28DC9D7C0016F6B4 /* Resources */,
			);
			buildRules = (
			);
			dependencies = (
			);
			name = DoccFramework;
			productName = DoccFramework;
			productReference = 0789897E28DC9D7C0016F6B4 /* DoccFramework.framework */;
			productType = "com.apple.product-type.framework";
		};
		0789898728DC9D7D0016F6B4 /* DoccFrameworkTests */ = {
			isa = PBXNativeTarget;
			buildConfigurationList = 0789899528DC9D7D0016F6B4 /* Build configuration list for PBXNativeTarget "DoccFrameworkTests" */;
			buildPhases = (
				0789898428DC9D7D0016F6B4 /* Sources */,
				0789898528DC9D7D0016F6B4 /* Frameworks */,
				0789898628DC9D7D0016F6B4 /* Resources */,
			);
			buildRules = (
			);
			dependencies = (
				0789898B28DC9D7D0016F6B4 /* PBXTargetDependency */,
			);
			name = DoccFrameworkTests;
			productName = DoccFrameworkTests;
			productReference = 0789898828DC9D7D0016F6B4 /* DoccFrameworkTests.xctest */;
			productType = "com.apple.product-type.bundle.unit-test";
		};
/* End PBXNativeTarget section */

/* Begin PBXProject section */
		0789897528DC9D7C0016F6B4 /* Project object */ = {
			isa = PBXProject;
			attributes = {
				BuildIndependentTargetsInParallel = 1;
				LastSwiftUpdateCheck = 1410;
				LastUpgradeCheck = 1410;
				TargetAttributes = {
					0789897D28DC9D7C0016F6B4 = {
						CreatedOnToolsVersion = 14.1;
						LastSwiftMigration = 1410;
					};
					0789898728DC9D7D0016F6B4 = {
						CreatedOnToolsVersion = 14.1;
					};
				};
			};
			buildConfigurationList = 0789897828DC9D7C0016F6B4 /* Build configuration list for PBXProject "DoccFramework" */;
			compatibilityVersion = "Xcode 14.0";
			developmentRegion = en;
			hasScannedForEncodings = 0;
			knownRegions = (
				en,
				Base,
			);
			mainGroup = 0789897428DC9D7C0016F6B4;
			productRefGroup = 0789897F28DC9D7C0016F6B4 /* Products */;
			projectDirPath = "";
			projectRoot = "";
			targets = (
				0789897D28DC9D7C0016F6B4 /* DoccFramework */,
				0789898728DC9D7D0016F6B4 /* DoccFrameworkTests */,
			);
		};
/* End PBXProject section */

/* Begin PBXResourcesBuildPhase section */
		0789897C28DC9D7C0016F6B4 /* Resources */ = {
			isa = PBXResourcesBuildPhase;
			buildActionMask = 2147483647;
			files = (
				07542DE028DD992E001CBDB4 /* README.md in Resources */,
			);
			runOnlyForDeploymentPostprocessing = 0;
		};
		0789898628DC9D7D0016F6B4 /* Resources */ = {
			isa = PBXResourcesBuildPhase;
			buildActionMask = 2147483647;
			files = (
			);
			runOnlyForDeploymentPostprocessing = 0;
		};
/* End PBXResourcesBuildPhase section */

/* Begin PBXSourcesBuildPhase section */
		0789897A28DC9D7C0016F6B4 /* Sources */ = {
			isa = PBXSourcesBuildPhase;
			buildActionMask = 2147483647;
			files = (
				078989A028DC9F600016F6B4 /* DummyObjcClass.m in Sources */,
				0789898328DC9D7C0016F6B4 /* DoccFramework.docc in Sources */,
				0789899C28DC9E0A0016F6B4 /* DummyClass.swift in Sources */,
			);
			runOnlyForDeploymentPostprocessing = 0;
		};
		0789898428DC9D7D0016F6B4 /* Sources */ = {
			isa = PBXSourcesBuildPhase;
			buildActionMask = 2147483647;
			files = (
				0789898E28DC9D7D0016F6B4 /* DoccFrameworkTests.swift in Sources */,
				07542DE228DDA207001CBDB4 /* DummyClassTests.swift in Sources */,
			);
			runOnlyForDeploymentPostprocessing = 0;
		};
/* End PBXSourcesBuildPhase section */

/* Begin PBXTargetDependency section */
		0789898B28DC9D7D0016F6B4 /* PBXTargetDependency */ = {
			isa = PBXTargetDependency;
			target = 0789897D28DC9D7C0016F6B4 /* DoccFramework */;
			targetProxy = 0789898A28DC9D7D0016F6B4 /* PBXContainerItemProxy */;
		};
/* End PBXTargetDependency section */

/* Begin XCBuildConfiguration section */
		0789899028DC9D7D0016F6B4 /* Debug */ = {
			isa = XCBuildConfiguration;
			buildSettings = {
				ALWAYS_SEARCH_USER_PATHS = NO;
				CLANG_ANALYZER_NONNULL = YES;
				CLANG_ANALYZER_NUMBER_OBJECT_CONVERSION = YES_AGGRESSIVE;
				CLANG_CXX_LANGUAGE_STANDARD = "gnu++20";
				CLANG_ENABLE_MODULES = YES;
				CLANG_ENABLE_OBJC_ARC = YES;
				CLANG_ENABLE_OBJC_WEAK = YES;
				CLANG_WARN_BLOCK_CAPTURE_AUTORELEASING = YES;
				CLANG_WARN_BOOL_CONVERSION = YES;
				CLANG_WARN_COMMA = YES;
				CLANG_WARN_CONSTANT_CONVERSION = YES;
				CLANG_WARN_DEPRECATED_OBJC_IMPLEMENTATIONS = YES;
				CLANG_WARN_DIRECT_OBJC_ISA_USAGE = YES_ERROR;
				CLANG_WARN_DOCUMENTATION_COMMENTS = YES;
				CLANG_WARN_EMPTY_BODY = YES;
				CLANG_WARN_ENUM_CONVERSION = YES;
				CLANG_WARN_INFINITE_RECURSION = YES;
				CLANG_WARN_INT_CONVERSION = YES;
				CLANG_WARN_NON_LITERAL_NULL_CONVERSION = YES;
				CLANG_WARN_OBJC_IMPLICIT_RETAIN_SELF = YES;
				CLANG_WARN_OBJC_LITERAL_CONVERSION = YES;
				CLANG_WARN_OBJC_ROOT_CLASS = YES_ERROR;
				CLANG_WARN_QUOTED_INCLUDE_IN_FRAMEWORK_HEADER = YES;
				CLANG_WARN_RANGE_LOOP_ANALYSIS = YES;
				CLANG_WARN_STRICT_PROTOTYPES = YES;
				CLANG_WARN_SUSPICIOUS_MOVE = YES;
				CLANG_WARN_UNGUARDED_AVAILABILITY = YES_AGGRESSIVE;
				CLANG_WARN_UNREACHABLE_CODE = YES;
				CLANG_WARN__DUPLICATE_METHOD_MATCH = YES;
				COPY_PHASE_STRIP = NO;
				CURRENT_PROJECT_VERSION = 1;
				DEBUG_INFORMATION_FORMAT = dwarf;
				ENABLE_STRICT_OBJC_MSGSEND = YES;
				ENABLE_TESTABILITY = YES;
				GCC_C_LANGUAGE_STANDARD = gnu11;
				GCC_DYNAMIC_NO_PIC = NO;
				GCC_NO_COMMON_BLOCKS = YES;
				GCC_OPTIMIZATION_LEVEL = 0;
				GCC_PREPROCESSOR_DEFINITIONS = (
					"DEBUG=1",
					"$(inherited)",
				);
				GCC_WARN_64_TO_32_BIT_CONVERSION = YES;
				GCC_WARN_ABOUT_RETURN_TYPE = YES_ERROR;
				GCC_WARN_UNDECLARED_SELECTOR = YES;
				GCC_WARN_UNINITIALIZED_AUTOS = YES_AGGRESSIVE;
				GCC_WARN_UNUSED_FUNCTION = YES;
				GCC_WARN_UNUSED_VARIABLE = YES;
				IPHONEOS_DEPLOYMENT_TARGET = 16.1;
				MTL_ENABLE_DEBUG_INFO = INCLUDE_SOURCE;
				MTL_FAST_MATH = YES;
				ONLY_ACTIVE_ARCH = YES;
				SDKROOT = iphoneos;
				SWIFT_ACTIVE_COMPILATION_CONDITIONS = DEBUG;
				SWIFT_OPTIMIZATION_LEVEL = "-Onone";
				VERSIONING_SYSTEM = "apple-generic";
				VERSION_INFO_PREFIX = "";
			};
			name = Debug;
		};
		0789899128DC9D7D0016F6B4 /* Release */ = {
			isa = XCBuildConfiguration;
			buildSettings = {
				ALWAYS_SEARCH_USER_PATHS = NO;
				CLANG_ANALYZER_NONNULL = YES;
				CLANG_ANALYZER_NUMBER_OBJECT_CONVERSION = YES_AGGRESSIVE;
				CLANG_CXX_LANGUAGE_STANDARD = "gnu++20";
				CLANG_ENABLE_MODULES = YES;
				CLANG_ENABLE_OBJC_ARC = YES;
				CLANG_ENABLE_OBJC_WEAK = YES;
				CLANG_WARN_BLOCK_CAPTURE_AUTORELEASING = YES;
				CLANG_WARN_BOOL_CONVERSION = YES;
				CLANG_WARN_COMMA = YES;
				CLANG_WARN_CONSTANT_CONVERSION = YES;
				CLANG_WARN_DEPRECATED_OBJC_IMPLEMENTATIONS = YES;
				CLANG_WARN_DIRECT_OBJC_ISA_USAGE = YES_ERROR;
				CLANG_WARN_DOCUMENTATION_COMMENTS = YES;
				CLANG_WARN_EMPTY_BODY = YES;
				CLANG_WARN_ENUM_CONVERSION = YES;
				CLANG_WARN_INFINITE_RECURSION = YES;
				CLANG_WARN_INT_CONVERSION = YES;
				CLANG_WARN_NON_LITERAL_NULL_CONVERSION = YES;
				CLANG_WARN_OBJC_IMPLICIT_RETAIN_SELF = YES;
				CLANG_WARN_OBJC_LITERAL_CONVERSION = YES;
				CLANG_WARN_OBJC_ROOT_CLASS = YES_ERROR;
				CLANG_WARN_QUOTED_INCLUDE_IN_FRAMEWORK_HEADER = YES;
				CLANG_WARN_RANGE_LOOP_ANALYSIS = YES;
				CLANG_WARN_STRICT_PROTOTYPES = YES;
				CLANG_WARN_SUSPICIOUS_MOVE = YES;
				CLANG_WARN_UNGUARDED_AVAILABILITY = YES_AGGRESSIVE;
				CLANG_WARN_UNREACHABLE_CODE = YES;
				CLANG_WARN__DUPLICATE_METHOD_MATCH = YES;
				COPY_PHASE_STRIP = NO;
				CURRENT_PROJECT_VERSION = 1;
				DEBUG_INFORMATION_FORMAT = "dwarf-with-dsym";
				ENABLE_NS_ASSERTIONS = NO;
				ENABLE_STRICT_OBJC_MSGSEND = YES;
				GCC_C_LANGUAGE_STANDARD = gnu11;
				GCC_NO_COMMON_BLOCKS = YES;
				GCC_WARN_64_TO_32_BIT_CONVERSION = YES;
				GCC_WARN_ABOUT_RETURN_TYPE = YES_ERROR;
				GCC_WARN_UNDECLARED_SELECTOR = YES;
				GCC_WARN_UNINITIALIZED_AUTOS = YES_AGGRESSIVE;
				GCC_WARN_UNUSED_FUNCTION = YES;
				GCC_WARN_UNUSED_VARIABLE = YES;
				IPHONEOS_DEPLOYMENT_TARGET = 16.1;
				MTL_ENABLE_DEBUG_INFO = NO;
				MTL_FAST_MATH = YES;
				SDKROOT = iphoneos;
				SWIFT_COMPILATION_MODE = wholemodule;
				SWIFT_OPTIMIZATION_LEVEL = "-O";
				VALIDATE_PRODUCT = YES;
				VERSIONING_SYSTEM = "apple-generic";
				VERSION_INFO_PREFIX = "";
			};
			name = Release;
		};
		0789899328DC9D7D0016F6B4 /* Debug */ = {
			isa = XCBuildConfiguration;
			buildSettings = {
				CLANG_ENABLE_MODULES = YES;
				CODE_SIGN_STYLE = Automatic;
				CURRENT_PROJECT_VERSION = 1;
				DEFINES_MODULE = YES;
				DOCC_EXTRACT_OBJC_INFO_FOR_SWIFT_SYMBOLS = YES;
				DOCC_EXTRACT_SWIFT_INFO_FOR_OBJC_SYMBOLS = YES;
				DYLIB_COMPATIBILITY_VERSION = 1;
				DYLIB_CURRENT_VERSION = 1;
				DYLIB_INSTALL_NAME_BASE = "@rpath";
				GENERATE_INFOPLIST_FILE = YES;
				INFOPLIST_KEY_NSHumanReadableCopyright = "";
				INSTALL_PATH = "$(LOCAL_LIBRARY_DIR)/Frameworks";
				IPHONEOS_DEPLOYMENT_TARGET = 16.0;
				LD_RUNPATH_SEARCH_PATHS = (
					"$(inherited)",
					"@executable_path/Frameworks",
					"@loader_path/Frameworks",
				);
				MARKETING_VERSION = 1.0;
				PRODUCT_BUNDLE_IDENTIFIER = se.apptrix.DoccFramework;
				PRODUCT_NAME = "$(TARGET_NAME:c99extidentifier)";
				RUN_DOCUMENTATION_COMPILER = YES;
				SKIP_INSTALL = YES;
				SWIFT_EMIT_LOC_STRINGS = YES;
				SWIFT_OPTIMIZATION_LEVEL = "-Onone";
				SWIFT_VERSION = 5.0;
				TARGETED_DEVICE_FAMILY = "1,2";
			};
			name = Debug;
		};
		0789899428DC9D7D0016F6B4 /* Release */ = {
			isa = XCBuildConfiguration;
			buildSettings = {
				CLANG_ENABLE_MODULES = YES;
				CODE_SIGN_STYLE = Automatic;
				CURRENT_PROJECT_VERSION = 1;
				DEFINES_MODULE = YES;
				DOCC_EXTRACT_OBJC_INFO_FOR_SWIFT_SYMBOLS = YES;
				DOCC_EXTRACT_SWIFT_INFO_FOR_OBJC_SYMBOLS = YES;
				DYLIB_COMPATIBILITY_VERSION = 1;
				DYLIB_CURRENT_VERSION = 1;
				DYLIB_INSTALL_NAME_BASE = "@rpath";
				GENERATE_INFOPLIST_FILE = YES;
				INFOPLIST_KEY_NSHumanReadableCopyright = "";
				INSTALL_PATH = "$(LOCAL_LIBRARY_DIR)/Frameworks";
				IPHONEOS_DEPLOYMENT_TARGET = 16.0;
				LD_RUNPATH_SEARCH_PATHS = (
					"$(inherited)",
					"@executable_path/Frameworks",
					"@loader_path/Frameworks",
				);
				MARKETING_VERSION = 1.0;
				PRODUCT_BUNDLE_IDENTIFIER = se.apptrix.DoccFramework;
				PRODUCT_NAME = "$(TARGET_NAME:c99extidentifier)";
				RUN_DOCUMENTATION_COMPILER = YES;
				SKIP_INSTALL = YES;
				SWIFT_EMIT_LOC_STRINGS = YES;
				SWIFT_VERSION = 5.0;
				TARGETED_DEVICE_FAMILY = "1,2";
			};
			name = Release;
		};
		0789899628DC9D7D0016F6B4 /* Debug */ = {
			isa = XCBuildConfiguration;
			buildSettings = {
				ALWAYS_EMBED_SWIFT_STANDARD_LIBRARIES = YES;
				CODE_SIGN_STYLE = Automatic;
				CURRENT_PROJECT_VERSION = 1;
				GENERATE_INFOPLIST_FILE = YES;
				IPHONEOS_DEPLOYMENT_TARGET = 16.0;
				MARKETING_VERSION = 1.0;
				PRODUCT_BUNDLE_IDENTIFIER = se.apptrix.DoccFrameworkTests;
				PRODUCT_NAME = "$(TARGET_NAME)";
				SWIFT_EMIT_LOC_STRINGS = NO;
				SWIFT_VERSION = 5.0;
				TARGETED_DEVICE_FAMILY = "1,2";
			};
			name = Debug;
		};
		0789899728DC9D7D0016F6B4 /* Release */ = {
			isa = XCBuildConfiguration;
			buildSettings = {
				ALWAYS_EMBED_SWIFT_STANDARD_LIBRARIES = YES;
				CODE_SIGN_STYLE = Automatic;
				CURRENT_PROJECT_VERSION = 1;
				GENERATE_INFOPLIST_FILE = YES;
				IPHONEOS_DEPLOYMENT_TARGET = 16.0;
				MARKETING_VERSION = 1.0;
				PRODUCT_BUNDLE_IDENTIFIER = se.apptrix.DoccFrameworkTests;
				PRODUCT_NAME = "$(TARGET_NAME)";
				SWIFT_EMIT_LOC_STRINGS = NO;
				SWIFT_VERSION = 5.0;
				TARGETED_DEVICE_FAMILY = "1,2";
			};
			name = Release;
		};
/* End XCBuildConfiguration section */

/* Begin XCConfigurationList section */
		0789897828DC9D7C0016F6B4 /* Build configuration list for PBXProject "DoccFramework" */ = {
			isa = XCConfigurationList;
			buildConfigurations = (
				0789899028DC9D7D0016F6B4 /* Debug */,
				0789899128DC9D7D0016F6B4 /* Release */,
			);
			defaultConfigurationIsVisible = 0;
			defaultConfigurationName = Release;
		};
		0789899228DC9D7D0016F6B4 /* Build configuration list for PBXNativeTarget "DoccFramework" */ = {
			isa = XCConfigurationList;
			buildConfigurations = (
				0789899328DC9D7D0016F6B4 /* Debug */,
				0789899428DC9D7D0016F6B4 /* Release */,
			);
			defaultConfigurationIsVisible = 0;
			defaultConfigurationName = Release;
		};
		0789899528DC9D7D0016F6B4 /* Build configuration list for PBXNativeTarget "DoccFrameworkTests" */ = {
			isa = XCConfigurationList;
			buildConfigurations = (
				0789899628DC9D7D0016F6B4 /* Debug */,
				0789899728DC9D7D0016F6B4 /* Release */,
			);
			defaultConfigurationIsVisible = 0;
			defaultConfigurationName = Release;
		};
/* End XCConfigurationList section */
	};
	rootObject = 0789897528DC9D7C0016F6B4 /* Project object */;
}
